
Microsoft Visual Studio Solution File, Format Version 12.00
# Visual Studio Version 17
VisualStudioVersion = 17.7.34202.233
MinimumVisualStudioVersion = 10.0.40219.1
Project("{FAE04EC0-301F-11D3-BF4B-00C04F79EFBC}") = "GeometricLib", "GeometricLib\GeometricLib.csproj", "{F396674B-364F-4D56-BA50-887304810A78}"
EndProject
Global
	GlobalSection(SolutionConfigurationPlatforms) = preSolution
		Debug|Any CPU = Debug|Any CPU
		Release|Any CPU = Release|Any CPU
	EndGlobalSection
	GlobalSection(ProjectConfigurationPlatforms) = postSolution
		{F396674B-364F-4D56-BA50-887304810A78}.Debug|Any CPU.ActiveCfg = Debug|Any CPU
		{F396674B-364F-4D56-BA50-887304810A78}.Debug|Any CPU.Build.0 = Debug|Any CPU
		{F396674B-364F-4D56-BA50-887304810A78}.Release|Any CPU.ActiveCfg = Release|Any CPU
		{F396674B-364F-4D56-BA50-887304810A78}.Release|Any CPU.Build.0 = Release|Any CPU
	EndGlobalSection
	GlobalSection(SolutionProperties) = preSolution
		HideSolutionNode = FALSE
	EndGlobalSection
	GlobalSection(ExtensibilityGlobals) = postSolution
		SolutionGuid = {DC52EAB4-F462-4EB0-ABF0-D84240D763BB}
	EndGlobalSection
EndGlobal
